
Microsoft Visual Studio Solution File, Format Version 12.00
# Visual Studio Version 17
VisualStudioVersion = 17.6.33829.357
MinimumVisualStudioVersion = 10.0.40219.1
Project("{FAE04EC0-301F-11D3-BF4B-00C04F79EFBC}") = "Best Time to Buy and Sell Stock", "Best Time to Buy and Sell Stock.csproj", "{EAE6DFAB-7265-4C54-BD3E-07ABC5C1027F}"
EndProject
Global
	GlobalSection(SolutionConfigurationPlatforms) = preSolution
		Debug|Any CPU = Debug|Any CPU
		Release|Any CPU = Release|Any CPU
	EndGlobalSection
	GlobalSection(ProjectConfigurationPlatforms) = postSolution
		{EAE6DFAB-7265-4C54-BD3E-07ABC5C1027F}.Debug|Any CPU.ActiveCfg = Debug|Any CPU
		{EAE6DFAB-7265-4C54-BD3E-07ABC5C1027F}.Debug|Any CPU.Build.0 = Debug|Any CPU
		{EAE6DFAB-7265-4C54-BD3E-07ABC5C1027F}.Release|Any CPU.ActiveCfg = Release|Any CPU
		{EAE6DFAB-7265-4C54-BD3E-07ABC5C1027F}.Release|Any CPU.Build.0 = Release|Any CPU
	EndGlobalSection
	GlobalSection(SolutionProperties) = preSolution
		HideSolutionNode = FALSE
	EndGlobalSection
	GlobalSection(ExtensibilityGlobals) = postSolution
		SolutionGuid = {815D6A1B-50DB-4ABE-A2DD-2A6C07020647}
	EndGlobalSection
EndGlobal
