
Microsoft Visual Studio Solution File, Format Version 12.00
# Visual Studio Version 17
VisualStudioVersion = 17.6.33829.357
MinimumVisualStudioVersion = 10.0.40219.1
Project("{FAE04EC0-301F-11D3-BF4B-00C04F79EFBC}") = "Roman to Integer", "Roman to Integer.csproj", "{8539E75D-61D5-40B8-A8C7-BD46ACC34048}"
EndProject
Global
	GlobalSection(SolutionConfigurationPlatforms) = preSolution
		Debug|Any CPU = Debug|Any CPU
		Release|Any CPU = Release|Any CPU
	EndGlobalSection
	GlobalSection(ProjectConfigurationPlatforms) = postSolution
		{8539E75D-61D5-40B8-A8C7-BD46ACC34048}.Debug|Any CPU.ActiveCfg = Debug|Any CPU
		{8539E75D-61D5-40B8-A8C7-BD46ACC34048}.Debug|Any CPU.Build.0 = Debug|Any CPU
		{8539E75D-61D5-40B8-A8C7-BD46ACC34048}.Release|Any CPU.ActiveCfg = Release|Any CPU
		{8539E75D-61D5-40B8-A8C7-BD46ACC34048}.Release|Any CPU.Build.0 = Release|Any CPU
	EndGlobalSection
	GlobalSection(SolutionProperties) = preSolution
		HideSolutionNode = FALSE
	EndGlobalSection
	GlobalSection(ExtensibilityGlobals) = postSolution
		SolutionGuid = {BA2DAB97-DDC5-4730-AD45-C8AEB2A7EE11}
	EndGlobalSection
EndGlobal
