
Microsoft Visual Studio Solution File, Format Version 12.00
# Visual Studio Version 17
VisualStudioVersion = 17.6.33829.357
MinimumVisualStudioVersion = 10.0.40219.1
Project("{FAE04EC0-301F-11D3-BF4B-00C04F79EFBC}") = "Integer to Roman", "Integer to Roman.csproj", "{3C4225B5-BFFD-4D65-9815-2411115AE14C}"
EndProject
Global
	GlobalSection(SolutionConfigurationPlatforms) = preSolution
		Debug|Any CPU = Debug|Any CPU
		Release|Any CPU = Release|Any CPU
	EndGlobalSection
	GlobalSection(ProjectConfigurationPlatforms) = postSolution
		{3C4225B5-BFFD-4D65-9815-2411115AE14C}.Debug|Any CPU.ActiveCfg = Debug|Any CPU
		{3C4225B5-BFFD-4D65-9815-2411115AE14C}.Debug|Any CPU.Build.0 = Debug|Any CPU
		{3C4225B5-BFFD-4D65-9815-2411115AE14C}.Release|Any CPU.ActiveCfg = Release|Any CPU
		{3C4225B5-BFFD-4D65-9815-2411115AE14C}.Release|Any CPU.Build.0 = Release|Any CPU
	EndGlobalSection
	GlobalSection(SolutionProperties) = preSolution
		HideSolutionNode = FALSE
	EndGlobalSection
	GlobalSection(ExtensibilityGlobals) = postSolution
		SolutionGuid = {FBE72E94-BD88-42D1-A90B-8C55BDD49244}
	EndGlobalSection
EndGlobal
