
Microsoft Visual Studio Solution File, Format Version 12.00
# Visual Studio Version 17
VisualStudioVersion = 17.6.33829.357
MinimumVisualStudioVersion = 10.0.40219.1
Project("{FAE04EC0-301F-11D3-BF4B-00C04F79EFBC}") = "Candy", "Candy.csproj", "{43411C1F-C418-4613-8AA8-982C5C2C2848}"
EndProject
Global
	GlobalSection(SolutionConfigurationPlatforms) = preSolution
		Debug|Any CPU = Debug|Any CPU
		Release|Any CPU = Release|Any CPU
	EndGlobalSection
	GlobalSection(ProjectConfigurationPlatforms) = postSolution
		{43411C1F-C418-4613-8AA8-982C5C2C2848}.Debug|Any CPU.ActiveCfg = Debug|Any CPU
		{43411C1F-C418-4613-8AA8-982C5C2C2848}.Debug|Any CPU.Build.0 = Debug|Any CPU
		{43411C1F-C418-4613-8AA8-982C5C2C2848}.Release|Any CPU.ActiveCfg = Release|Any CPU
		{43411C1F-C418-4613-8AA8-982C5C2C2848}.Release|Any CPU.Build.0 = Release|Any CPU
	EndGlobalSection
	GlobalSection(SolutionProperties) = preSolution
		HideSolutionNode = FALSE
	EndGlobalSection
	GlobalSection(ExtensibilityGlobals) = postSolution
		SolutionGuid = {8479F9AB-31E6-49A2-AD09-34F850B8257A}
	EndGlobalSection
EndGlobal
