
Microsoft Visual Studio Solution File, Format Version 12.00
# Visual Studio Version 17
VisualStudioVersion = 17.6.33829.357
MinimumVisualStudioVersion = 10.0.40219.1
Project("{FAE04EC0-301F-11D3-BF4B-00C04F79EFBC}") = "Best Time to Buy and Sell Stock II", "Best Time to Buy and Sell Stock II.csproj", "{FDCB00B8-FD70-480F-935B-F2061E3B0B1C}"
EndProject
Global
	GlobalSection(SolutionConfigurationPlatforms) = preSolution
		Debug|Any CPU = Debug|Any CPU
		Release|Any CPU = Release|Any CPU
	EndGlobalSection
	GlobalSection(ProjectConfigurationPlatforms) = postSolution
		{FDCB00B8-FD70-480F-935B-F2061E3B0B1C}.Debug|Any CPU.ActiveCfg = Debug|Any CPU
		{FDCB00B8-FD70-480F-935B-F2061E3B0B1C}.Debug|Any CPU.Build.0 = Debug|Any CPU
		{FDCB00B8-FD70-480F-935B-F2061E3B0B1C}.Release|Any CPU.ActiveCfg = Release|Any CPU
		{FDCB00B8-FD70-480F-935B-F2061E3B0B1C}.Release|Any CPU.Build.0 = Release|Any CPU
	EndGlobalSection
	GlobalSection(SolutionProperties) = preSolution
		HideSolutionNode = FALSE
	EndGlobalSection
	GlobalSection(ExtensibilityGlobals) = postSolution
		SolutionGuid = {37A48724-8EA3-4BC9-99AD-6C64C11C86DA}
	EndGlobalSection
EndGlobal
