
Microsoft Visual Studio Solution File, Format Version 12.00
# Visual Studio Version 17
VisualStudioVersion = 17.6.33829.357
MinimumVisualStudioVersion = 10.0.40219.1
Project("{FAE04EC0-301F-11D3-BF4B-00C04F79EFBC}") = "Valid Palindrome", "Valid Palindrome.csproj", "{544BA213-6262-453F-A6F6-42BA8FE004FF}"
EndProject
Global
	GlobalSection(SolutionConfigurationPlatforms) = preSolution
		Debug|Any CPU = Debug|Any CPU
		Release|Any CPU = Release|Any CPU
	EndGlobalSection
	GlobalSection(ProjectConfigurationPlatforms) = postSolution
		{544BA213-6262-453F-A6F6-42BA8FE004FF}.Debug|Any CPU.ActiveCfg = Debug|Any CPU
		{544BA213-6262-453F-A6F6-42BA8FE004FF}.Debug|Any CPU.Build.0 = Debug|Any CPU
		{544BA213-6262-453F-A6F6-42BA8FE004FF}.Release|Any CPU.ActiveCfg = Release|Any CPU
		{544BA213-6262-453F-A6F6-42BA8FE004FF}.Release|Any CPU.Build.0 = Release|Any CPU
	EndGlobalSection
	GlobalSection(SolutionProperties) = preSolution
		HideSolutionNode = FALSE
	EndGlobalSection
	GlobalSection(ExtensibilityGlobals) = postSolution
		SolutionGuid = {E205D172-3337-477C-9E33-A7384C72230D}
	EndGlobalSection
EndGlobal
