
Microsoft Visual Studio Solution File, Format Version 12.00
# Visual Studio Version 17
VisualStudioVersion = 17.6.33829.357
MinimumVisualStudioVersion = 10.0.40219.1
Project("{FAE04EC0-301F-11D3-BF4B-00C04F79EFBC}") = "Is Subsequence", "Is Subsequence.csproj", "{4C755572-074B-4C0C-9DB1-AA59EF58ADB9}"
EndProject
Global
	GlobalSection(SolutionConfigurationPlatforms) = preSolution
		Debug|Any CPU = Debug|Any CPU
		Release|Any CPU = Release|Any CPU
	EndGlobalSection
	GlobalSection(ProjectConfigurationPlatforms) = postSolution
		{4C755572-074B-4C0C-9DB1-AA59EF58ADB9}.Debug|Any CPU.ActiveCfg = Debug|Any CPU
		{4C755572-074B-4C0C-9DB1-AA59EF58ADB9}.Debug|Any CPU.Build.0 = Debug|Any CPU
		{4C755572-074B-4C0C-9DB1-AA59EF58ADB9}.Release|Any CPU.ActiveCfg = Release|Any CPU
		{4C755572-074B-4C0C-9DB1-AA59EF58ADB9}.Release|Any CPU.Build.0 = Release|Any CPU
	EndGlobalSection
	GlobalSection(SolutionProperties) = preSolution
		HideSolutionNode = FALSE
	EndGlobalSection
	GlobalSection(ExtensibilityGlobals) = postSolution
		SolutionGuid = {2C0420C3-665D-4ACA-942B-47ECF33A4D03}
	EndGlobalSection
EndGlobal
