
Microsoft Visual Studio Solution File, Format Version 12.00
# Visual Studio Version 17
VisualStudioVersion = 17.6.33829.357
MinimumVisualStudioVersion = 10.0.40219.1
Project("{FAE04EC0-301F-11D3-BF4B-00C04F79EFBC}") = "Remove Element", "Remove Element.csproj", "{406F08A3-8988-4B37-B891-5B8D73852D75}"
EndProject
Global
	GlobalSection(SolutionConfigurationPlatforms) = preSolution
		Debug|Any CPU = Debug|Any CPU
		Release|Any CPU = Release|Any CPU
	EndGlobalSection
	GlobalSection(ProjectConfigurationPlatforms) = postSolution
		{406F08A3-8988-4B37-B891-5B8D73852D75}.Debug|Any CPU.ActiveCfg = Debug|Any CPU
		{406F08A3-8988-4B37-B891-5B8D73852D75}.Debug|Any CPU.Build.0 = Debug|Any CPU
		{406F08A3-8988-4B37-B891-5B8D73852D75}.Release|Any CPU.ActiveCfg = Release|Any CPU
		{406F08A3-8988-4B37-B891-5B8D73852D75}.Release|Any CPU.Build.0 = Release|Any CPU
	EndGlobalSection
	GlobalSection(SolutionProperties) = preSolution
		HideSolutionNode = FALSE
	EndGlobalSection
	GlobalSection(ExtensibilityGlobals) = postSolution
		SolutionGuid = {D7C57C07-8C05-4CC7-BCC1-E274C3671679}
	EndGlobalSection
EndGlobal
